{
  "lockfile_version": "1",
  "packages": {
    "duckdb@1.5.5": {
      "last_modified": "2026-08-27T07:16:00Z",
      "resolved": "github:NixOS/nixpkgs/c27cdad491a991b11ed731760aa2ef8db0cb0410#duckdb",
      "source": "devbox-search",
      "version": "1.5.5",
      "systems": {
        "aarch64-darwin": {
          "outputs": [
            {
              "name": "out",
              "path": "/nix/store/95dq4bbyd2xp02wqg5f165l1pigwggmd-duckdb-1.5.5",
              "default": true
            },
            {
              "name": "dev",
              "path": "/nix/store/1rjdlsf6dvzkcg555l8r63lzzj77zb79-duckdb-1.5.5-dev"
            },
            {
              "name": "lib",
              "path": "/nix/store/50zh058rrk8kzdpkf2m8k8h65fml473b-duckdb-1.5.5-lib"
            }
          ],
          "store_path": "/nix/store/95dq4bbyd2xp02wqg5f165l1pigwggmd-duckdb-1.5.5"
        },
        "aarch64-linux": {
          "outputs": [
            {
              "name": "out",
              "path": "/nix/store/8jnfyvibkcz2njr4mv9dhpv713xjgyvm-duckdb-1.5.5",
              "default": true
            },
            {
              "name": "dev",
              "path": "/nix/store/1i6559h0fkgi5ab48c7ra1qbxk96pikl-duckdb-1.5.5-dev"
            },
            {
              "name": "lib",
              "path": "/nix/store/62kgphl74dhqsn9qxia3f5ypp2qii2mv-duckdb-1.5.5-lib"
            }
          ],
          "store_path": "/nix/store/8jnfyvibkcz2njr4mv9dhpv713xjgyvm-duckdb-1.5.5"
        },
        "x86_64-linux": {
          "outputs": [
            {
              "name": "out",
              "path": "/nix/store/x6is8mcdrkb1mh3i5ichid1ddyzkvbjp-duckdb-1.5.5",
              "default": true
            },
            {
              "name": "dev",
              "path": "/nix/store/p8x07c20clb5ivz95r3vsbnadysxcbsg-duckdb-1.5.5-dev"
            },
            {
              "name": "lib",
              "path": "/nix/store/qbbl7jvh3y5f0a6g3y48h5y7hi2d8l88-duckdb-1.5.5-lib"
            }
          ],
          "store_path": "/nix/store/x6is8mcdrkb1mh3i5ichid1ddyzkvbjp-duckdb-1.5.5"
        }
      }
    },
    "github:NixOS/nixpkgs/nixpkgs-unstable": {
      "last_modified": "2026-01-01T13:17:10Z",
      "resolved": "github:NixOS/nixpkgs/76eec3925eb9bbe193934987d3285473dbcfad50?lastModified=1767273430&narHash=sha256-kDpoFwQ8GLrPiS3KL%2BsAwreXrph2KhdXuJzo5%2BvSLoo%3D"
    }
  }
}
