{
  "lockfile_version": "1",
  "packages": {
    "duckdb@1.5.5": {
      "last_modified": "2026-09-29T03:29:29Z",
      "resolved": "github:NixOS/nixpkgs/b6c8664de9b6cc07fe5666a29f91884ba81197c4#duckdb",
      "source": "devbox-search",
      "version": "1.5.5",
      "systems": {
        "aarch64-darwin": {
          "outputs": [
            {
              "name": "out",
              "path": "/nix/store/6sxcfsi0m39bk89sal2nydxbbxvm5ny9-duckdb-1.5.5",
              "default": true
            },
            {
              "name": "dev",
              "path": "/nix/store/6fapyqx9db00k9iqdjgyh5vj04p0azmx-duckdb-1.5.5-dev"
            },
            {
              "name": "lib",
              "path": "/nix/store/m581q0kfqqjngz9513x5ndbp111r2xga-duckdb-1.5.5-lib"
            }
          ],
          "store_path": "/nix/store/6sxcfsi0m39bk89sal2nydxbbxvm5ny9-duckdb-1.5.5"
        },
        "aarch64-linux": {
          "outputs": [
            {
              "name": "out",
              "path": "/nix/store/am1sx0xykvss0gpymqnmvnl3km4n8h5j-duckdb-1.5.5",
              "default": true
            },
            {
              "name": "dev",
              "path": "/nix/store/nmm29qvx2s6wbqs1zybwx7sapr7y8cwf-duckdb-1.5.5-dev"
            },
            {
              "name": "lib",
              "path": "/nix/store/wqwvzfvs603q0zw0rdjjawmhvgq37f70-duckdb-1.5.5-lib"
            }
          ],
          "store_path": "/nix/store/am1sx0xykvss0gpymqnmvnl3km4n8h5j-duckdb-1.5.5"
        },
        "x86_64-linux": {
          "outputs": [
            {
              "name": "out",
              "path": "/nix/store/yggysqys201jzammajywclrbwfqr01dj-duckdb-1.5.5",
              "default": true
            },
            {
              "name": "dev",
              "path": "/nix/store/rfxiqxp8yihvlib7yvr4qqqxi3wd4ajq-duckdb-1.5.5-dev"
            },
            {
              "name": "lib",
              "path": "/nix/store/x1pwychdja9i9m9lacgpb16yywca2dv1-duckdb-1.5.5-lib"
            }
          ],
          "store_path": "/nix/store/yggysqys201jzammajywclrbwfqr01dj-duckdb-1.5.5"
        }
      }
    },
    "github:NixOS/nixpkgs/nixpkgs-unstable": {
      "last_modified": "2026-01-01T13:17:10Z",
      "resolved": "github:NixOS/nixpkgs/76eec3925eb9bbe193934987d3285473dbcfad50?lastModified=1767273430&narHash=sha256-kDpoFwQ8GLrPiS3KL%2BsAwreXrph2KhdXuJzo5%2BvSLoo%3D"
    }
  }
}
