{
  "lockfile_version": "1",
  "packages": {
    "duckdb@1.4.3": {
      "last_modified": "2026-01-02T14:39:32Z",
      "resolved": "github:NixOS/nixpkgs/16c7794d0a28b5a37904d55bcca36003b9109aaa#duckdb",
      "source": "devbox-search",
      "version": "1.4.3",
      "systems": {
        "aarch64-darwin": {
          "outputs": [
            {
              "name": "out",
              "path": "/nix/store/6xk7kii6v48b2n1045vhy63frr8bhmlc-duckdb-1.4.3",
              "default": true
            },
            {
              "name": "lib",
              "path": "/nix/store/kk5f06bw7cx88f68xlj5ljglfdjf97j3-duckdb-1.4.3-lib"
            },
            {
              "name": "dev",
              "path": "/nix/store/9kqcky8w74s82063j1izi593az22vxvf-duckdb-1.4.3-dev"
            }
          ],
          "store_path": "/nix/store/6xk7kii6v48b2n1045vhy63frr8bhmlc-duckdb-1.4.3"
        },
        "aarch64-linux": {
          "outputs": [
            {
              "name": "out",
              "path": "/nix/store/4xab9sl421hn4rapajlxlcraajnjvjp1-duckdb-1.4.3",
              "default": true
            },
            {
              "name": "dev",
              "path": "/nix/store/3v8bdhz01br132y76zawgnw37af63bb1-duckdb-1.4.3-dev"
            },
            {
              "name": "lib",
              "path": "/nix/store/qa6pr7qryjxk5cklpn0vzfsx2rizxq29-duckdb-1.4.3-lib"
            }
          ],
          "store_path": "/nix/store/4xab9sl421hn4rapajlxlcraajnjvjp1-duckdb-1.4.3"
        },
        "x86_64-darwin": {
          "outputs": [
            {
              "name": "out",
              "path": "/nix/store/538w79rn9adzff0045m96yc1mxw9wvjy-duckdb-1.4.3",
              "default": true
            },
            {
              "name": "dev",
              "path": "/nix/store/n9dmqbsj3gk9scws4q622gs26ldg2i3z-duckdb-1.4.3-dev"
            },
            {
              "name": "lib",
              "path": "/nix/store/z4a8fxk9kcish54j0kdn8rxbx7yhi2pp-duckdb-1.4.3-lib"
            }
          ],
          "store_path": "/nix/store/538w79rn9adzff0045m96yc1mxw9wvjy-duckdb-1.4.3"
        },
        "x86_64-linux": {
          "outputs": [
            {
              "name": "out",
              "path": "/nix/store/h877n4xpa1wjjlf9sgy17mp91vq48xxg-duckdb-1.4.3",
              "default": true
            },
            {
              "name": "dev",
              "path": "/nix/store/6ama5di05mv2mcyzk2kwshw3d73wbxx3-duckdb-1.4.3-dev"
            },
            {
              "name": "lib",
              "path": "/nix/store/rpnjk1fwhfv392babs865h0w8pfrbiyh-duckdb-1.4.3-lib"
            }
          ],
          "store_path": "/nix/store/h877n4xpa1wjjlf9sgy17mp91vq48xxg-duckdb-1.4.3"
        }
      }
    },
    "github:NixOS/nixpkgs/nixpkgs-unstable": {
      "last_modified": "2026-01-01T13:17:10Z",
      "resolved": "github:NixOS/nixpkgs/76eec3925eb9bbe193934987d3285473dbcfad50?lastModified=1767273430&narHash=sha256-kDpoFwQ8GLrPiS3KL%2BsAwreXrph2KhdXuJzo5%2BvSLoo%3D"
    }
  }
}
